{
  "nodes": {
    "SchemaStore-nvim": {
      "flake": false,
      "locked": {
        "lastModified": 1715187644,
        "narHash": "sha256-aJ64CRW1+aBjH9vjRF/Bs8KyznB9a4ucEE+3W7h1Y+U=",
        "owner": "b0o",
        "repo": "SchemaStore.nvim",
        "rev": "35a0998728380a17b8590447e8207391411c667a",
        "type": "github"
      },
      "original": {
        "owner": "b0o",
        "repo": "SchemaStore.nvim",
        "type": "github"
      }
    },
    "base16-schemes": {
      "flake": false,
      "locked": {
        "lastModified": 1696158499,
        "narHash": "sha256-5yIHgDTPjoX/3oDEfLSQ0eJZdFL1SaCfb9d6M0RmOTM=",
        "owner": "tinted-theming",
        "repo": "base16-schemes",
        "rev": "a9112eaae86d9dd8ee6bb9445b664fba2f94037a",
        "type": "github"
      },
      "original": {
        "owner": "tinted-theming",
        "repo": "base16-schemes",
        "type": "github"
      }
    },
    "baywatch": {
      "inputs": {
        "nixpkgs": "nixpkgs"
      },
      "locked": {
        "lastModified": 1713166597,
        "narHash": "sha256-vKZtSvGpUKMT61H9IILaFtDeEY06Io1v0zhGs5tYv8E=",
        "owner": "konradmalik",
        "repo": "baywatch",
        "rev": "5b395df2e96b9134b92a5c9420b76b8160b2b1a4",
        "type": "github"
      },
      "original": {
        "owner": "konradmalik",
        "repo": "baywatch",
        "type": "github"
      }
    },
    "boole-nvim": {
      "flake": false,
      "locked": {
        "lastModified": 1688814468,
        "narHash": "sha256-dmtvPgRb1CqOetyjUoUDJ+fruOotwY0ODBp8VN4kRAQ=",
        "owner": "nat-418",
        "repo": "boole.nvim",
        "rev": "7b4a3dae28e3b2497747aa840439e9493cabdc49",
        "type": "github"
      },
      "original": {
        "owner": "nat-418",
        "repo": "boole.nvim",
        "type": "github"
      }
    },
    "cmp-buffer": {
      "flake": false,
      "locked": {
        "lastModified": 1660101488,
        "narHash": "sha256-dG4U7MtnXThoa/PD+qFtCt76MQ14V1wX8GMYcvxEnbM=",
        "owner": "hrsh7th",
        "repo": "cmp-buffer",
        "rev": "3022dbc9166796b644a841a02de8dd1cc1d311fa",
        "type": "github"
      },
      "original": {
        "owner": "hrsh7th",
        "repo": "cmp-buffer",
        "type": "github"
      }
    },
    "cmp-nvim-lsp": {
      "flake": false,
      "locked": {
        "lastModified": 1702205473,
        "narHash": "sha256-/0sh9vJBD9pUuD7q3tNSQ1YLvxFMNykdg5eG+LjZAA8=",
        "owner": "hrsh7th",
        "repo": "cmp-nvim-lsp",
        "rev": "5af77f54de1b16c34b23cba810150689a3a90312",
        "type": "github"
      },
      "original": {
        "owner": "hrsh7th",
        "repo": "cmp-nvim-lsp",
        "type": "github"
      }
    },
    "cmp-path": {
      "flake": false,
      "locked": {
        "lastModified": 1664784283,
        "narHash": "sha256-thppiiV3wjIaZnAXmsh7j3DUc6ceSCvGzviwFUnoPaI=",
        "owner": "hrsh7th",
        "repo": "cmp-path",
        "rev": "91ff86cd9c29299a64f968ebb45846c485725f23",
        "type": "github"
      },
      "original": {
        "owner": "hrsh7th",
        "repo": "cmp-path",
        "type": "github"
      }
    },
    "cmp_luasnip": {
      "flake": false,
      "locked": {
        "lastModified": 1696878902,
        "narHash": "sha256-nUJJl2zyK/oSwz5RzI9j3gf9zpDfCImCYbPbVsyXgz8=",
        "owner": "saadparwaiz1",
        "repo": "cmp_luasnip",
        "rev": "05a9ab28b53f71d1aece421ef32fee2cb857a843",
        "type": "github"
      },
      "original": {
        "owner": "saadparwaiz1",
        "repo": "cmp_luasnip",
        "type": "github"
      }
    },
    "darwin": {
      "inputs": {
        "nixpkgs": [
          "nixpkgs"
        ]
      },
      "locked": {
        "lastModified": 1713946171,
        "narHash": "sha256-lc75rgRQLdp4Dzogv5cfqOg6qYc5Rp83oedF2t0kDp8=",
        "owner": "lnl7",
        "repo": "nix-darwin",
        "rev": "230a197063de9287128e2c68a7a4b0cd7d0b50a7",
        "type": "github"
      },
      "original": {
        "owner": "lnl7",
        "repo": "nix-darwin",
        "type": "github"
      }
    },
    "darwin-docker": {
      "locked": {
        "lastModified": 1706439197,
        "narHash": "sha256-pZIQPVScLz32YnmLejbBmgH062c58RSHF1tBwIcdQRo=",
        "owner": "konradmalik",
        "repo": "darwin-docker",
        "rev": "41800e9fa84975cfc8177e53d6d14a6232fb2559",
        "type": "github"
      },
      "original": {
        "owner": "konradmalik",
        "repo": "darwin-docker",
        "type": "github"
      }
    },
    "disko": {
      "inputs": {
        "nixpkgs": [
          "nixpkgs"
        ]
      },
      "locked": {
        "lastModified": 1715217706,
        "narHash": "sha256-yEB5SEHc+o3WJpUPw455OdLy9A+gffvCJX8DZ7NCkuo=",
        "owner": "nix-community",
        "repo": "disko",
        "rev": "8eb1b315eef89f3bdc5c9814d1b207c6d64f0046",
        "type": "github"
      },
      "original": {
        "owner": "nix-community",
        "repo": "disko",
        "type": "github"
      }
    },
    "dressing-nvim": {
      "flake": false,
      "locked": {
        "lastModified": 1713925216,
        "narHash": "sha256-46r7X8CNuMgSB9X1jFLTQAiiBVqszkBP6DPlo6nBAxI=",
        "owner": "stevearc",
        "repo": "dressing.nvim",
        "rev": "5162edb1442a729a885c45455a07e9a89058be2f",
        "type": "github"
      },
      "original": {
        "owner": "stevearc",
        "repo": "dressing.nvim",
        "type": "github"
      }
    },
    "flake-compat": {
      "flake": false,
      "locked": {
        "lastModified": 1696426674,
        "narHash": "sha256-kvjfFW7WAETZlt09AgDn1MrtKzP7t90Vf7vypd3OL1U=",
        "owner": "edolstra",
        "repo": "flake-compat",
        "rev": "0f9255e01c2351cc7d116c072cb317785dd33b33",
        "type": "github"
      },
      "original": {
        "owner": "edolstra",
        "repo": "flake-compat",
        "type": "github"
      }
    },
    "flake-utils": {
      "inputs": {
        "systems": "systems"
      },
      "locked": {
        "lastModified": 1710146030,
        "narHash": "sha256-SZ5L6eA7HJ/nmkzGG7/ISclqe6oZdOZTNoesiInkXPQ=",
        "owner": "numtide",
        "repo": "flake-utils",
        "rev": "b1d9ab70662946ef0850d488da1c9019f3a9752a",
        "type": "github"
      },
      "original": {
        "owner": "numtide",
        "repo": "flake-utils",
        "type": "github"
      }
    },
    "friendly-snippets": {
      "flake": false,
      "locked": {
        "lastModified": 1715119735,
        "narHash": "sha256-VsvtPHadPiHYM5aX4IeDSMbhnVpSW4y0744Qokw35w8=",
        "owner": "rafamadriz",
        "repo": "friendly-snippets",
        "rev": "3e9a3f5a0cfcef1741e352c37bda4e82e5eb846a",
        "type": "github"
      },
      "original": {
        "owner": "rafamadriz",
        "repo": "friendly-snippets",
        "type": "github"
      }
    },
    "git-conflict-nvim": {
      "flake": false,
      "locked": {
        "lastModified": 1709633293,
        "narHash": "sha256-HT+HOYZF5XRUrfFRLqPVlT5P5JextpxI7tSDh0K7fQI=",
        "owner": "konradmalik",
        "repo": "git-conflict.nvim",
        "rev": "e837425df29e5fecf78c0b7431739b7ae15ed8b4",
        "type": "github"
      },
      "original": {
        "owner": "konradmalik",
        "repo": "git-conflict.nvim",
        "type": "github"
      }
    },
    "gitsigns-nvim": {
      "flake": false,
      "locked": {
        "lastModified": 1715007445,
        "narHash": "sha256-v21qTJfiv57vSUDGCJ4wM+L0Ixwh2b3pkoESFAHBrDM=",
        "owner": "lewis6991",
        "repo": "gitsigns.nvim",
        "rev": "805610a9393fa231f2c2b49cb521bfa413fadb3d",
        "type": "github"
      },
      "original": {
        "owner": "lewis6991",
        "repo": "gitsigns.nvim",
        "type": "github"
      }
    },
    "home-manager": {
      "inputs": {
        "nixpkgs": [
          "nixpkgs"
        ]
      },
      "locked": {
        "lastModified": 1715380449,
        "narHash": "sha256-716+f9Rj3wjSyD1xitCv2FcYbgPz1WIVDj+ZBclH99Y=",
        "owner": "nix-community",
        "repo": "home-manager",
        "rev": "d7682620185f213df384c363288093b486b2883f",
        "type": "github"
      },
      "original": {
        "owner": "nix-community",
        "repo": "home-manager",
        "type": "github"
      }
    },
    "kanagawa-nvim": {
      "flake": false,
      "locked": {
        "lastModified": 1714391501,
        "narHash": "sha256-ofrlfrp57JUIBc26PTsWeqol/C+ZmkQ8mDBOlnLZtLI=",
        "owner": "rebelot",
        "repo": "kanagawa.nvim",
        "rev": "860e4f80df71221d18bf2cd9ef1deb4d364274d2",
        "type": "github"
      },
      "original": {
        "owner": "rebelot",
        "repo": "kanagawa.nvim",
        "type": "github"
      }
    },
    "luasnip": {
      "flake": false,
      "locked": {
        "lastModified": 1714473569,
        "narHash": "sha256-SK7IFQgRMAraTzmErl2ldJ62bsfUCbKFW5MesUpDXoQ=",
        "owner": "L3MON4D3",
        "repo": "LuaSnip",
        "rev": "b152822e1a4bafb6bdf11a16cc26525cbd95ee00",
        "type": "github"
      },
      "original": {
        "owner": "L3MON4D3",
        "repo": "LuaSnip",
        "type": "github"
      }
    },
    "neo-tree-nvim": {
      "flake": false,
      "locked": {
        "lastModified": 1713231553,
        "narHash": "sha256-aXiTyV99+aZeABIATam95bMNlOishQNtGzLIGDpB54s=",
        "owner": "nvim-neo-tree",
        "repo": "neo-tree.nvim",
        "rev": "25bfdbe802eb913276bb83874b043be57bd70347",
        "type": "github"
      },
      "original": {
        "owner": "nvim-neo-tree",
        "repo": "neo-tree.nvim",
        "type": "github"
      }
    },
    "neovim": {
      "inputs": {
        "SchemaStore-nvim": "SchemaStore-nvim",
        "boole-nvim": "boole-nvim",
        "cmp-buffer": "cmp-buffer",
        "cmp-nvim-lsp": "cmp-nvim-lsp",
        "cmp-path": "cmp-path",
        "cmp_luasnip": "cmp_luasnip",
        "dressing-nvim": "dressing-nvim",
        "friendly-snippets": "friendly-snippets",
        "git-conflict-nvim": "git-conflict-nvim",
        "gitsigns-nvim": "gitsigns-nvim",
        "kanagawa-nvim": "kanagawa-nvim",
        "luasnip": "luasnip",
        "neo-tree-nvim": "neo-tree-nvim",
        "neovim": "neovim_2",
        "nixpkgs": "nixpkgs_2",
        "nui-nvim": "nui-nvim",
        "nvim-cmp": "nvim-cmp",
        "nvim-dap": "nvim-dap",
        "nvim-dap-ui": "nvim-dap-ui",
        "nvim-dap-virtual-text": "nvim-dap-virtual-text",
        "nvim-luaref": "nvim-luaref",
        "nvim-nio": "nvim-nio",
        "nvim-treesitter": "nvim-treesitter",
        "nvim-treesitter-context": "nvim-treesitter-context",
        "nvim-treesitter-textobjects": "nvim-treesitter-textobjects",
        "nvim-web-devicons": "nvim-web-devicons",
        "plenary-nvim": "plenary-nvim",
        "telescope-fzf-native-nvim": "telescope-fzf-native-nvim",
        "telescope-nvim": "telescope-nvim",
        "todo-comments-nvim": "todo-comments-nvim",
        "undotree": "undotree",
        "vim-fugitive": "vim-fugitive",
        "which-key-nvim": "which-key-nvim"
      },
      "locked": {
        "lastModified": 1715325860,
        "narHash": "sha256-dJ1mpU2BuaoeYL+Wg/wRapbZc2YuFOrtf9WReEY3ju0=",
        "owner": "konradmalik",
        "repo": "neovim-flake",
        "rev": "281b829c7ded4d5a905b2d0c43db90b3583a87bc",
        "type": "github"
      },
      "original": {
        "owner": "konradmalik",
        "repo": "neovim-flake",
        "type": "github"
      }
    },
    "neovim_2": {
      "inputs": {
        "flake-utils": "flake-utils",
        "nixpkgs": [
          "neovim",
          "nixpkgs"
        ]
      },
      "locked": {
        "dir": "contrib",
        "lastModified": 1715292729,
        "narHash": "sha256-Ml5HzPmVx/fnLedNpBYQs3YG2zhSKsPga89yaCDVYlM=",
        "owner": "neovim",
        "repo": "neovim",
        "rev": "ca735c7554701a1191e6afdac2ea4b4f94ba6d88",
        "type": "github"
      },
      "original": {
        "dir": "contrib",
        "owner": "neovim",
        "repo": "neovim",
        "type": "github"
      }
    },
    "nix-colors": {
      "inputs": {
        "base16-schemes": "base16-schemes",
        "nixpkgs-lib": "nixpkgs-lib"
      },
      "locked": {
        "lastModified": 1707825078,
        "narHash": "sha256-hTfge2J2W+42SZ7VHXkf4kjU+qzFqPeC9k66jAUBMHk=",
        "owner": "misterio77",
        "repo": "nix-colors",
        "rev": "b01f024090d2c4fc3152cd0cf12027a7b8453ba1",
        "type": "github"
      },
      "original": {
        "owner": "misterio77",
        "repo": "nix-colors",
        "type": "github"
      }
    },
    "nix-index-database": {
      "inputs": {
        "nixpkgs": [
          "nixpkgs"
        ]
      },
      "locked": {
        "lastModified": 1714878592,
        "narHash": "sha256-E68C03sYRsYFsK7wiGHUIJm8IsyPRALOrFoTL0glXnI=",
        "owner": "Mic92",
        "repo": "nix-index-database",
        "rev": "a362555e9dbd4ecff3bb98969bbdb8f79fe87f10",
        "type": "github"
      },
      "original": {
        "owner": "Mic92",
        "repo": "nix-index-database",
        "type": "github"
      }
    },
    "nixos-hardware": {
      "locked": {
        "lastModified": 1715148395,
        "narHash": "sha256-lRxjTxY3103LGMjWdVqntKZHhlmMX12QUjeFrQMmGaE=",
        "owner": "NixOS",
        "repo": "nixos-hardware",
        "rev": "a4e2b7909fc1bdf30c30ef21d388fde0b5cdde4a",
        "type": "github"
      },
      "original": {
        "owner": "NixOS",
        "repo": "nixos-hardware",
        "type": "github"
      }
    },
    "nixpkgs": {
      "locked": {
        "lastModified": 1707939175,
        "narHash": "sha256-D1xan0lgxbmXDyzVqXTiSYHLmAMrMRdD+alKzEO/p3w=",
        "owner": "NixOS",
        "repo": "nixpkgs",
        "rev": "f7e8132daca31b1e3859ac0fb49741754375ac3d",
        "type": "github"
      },
      "original": {
        "owner": "NixOS",
        "ref": "nixpkgs-unstable",
        "repo": "nixpkgs",
        "type": "github"
      }
    },
    "nixpkgs-lib": {
      "locked": {
        "lastModified": 1697935651,
        "narHash": "sha256-qOfWjQ2JQSQL15KLh6D7xQhx0qgZlYZTYlcEiRuAMMw=",
        "owner": "nix-community",
        "repo": "nixpkgs.lib",
        "rev": "e1e11fdbb01113d85c7f41cada9d2847660e3902",
        "type": "github"
      },
      "original": {
        "owner": "nix-community",
        "repo": "nixpkgs.lib",
        "type": "github"
      }
    },
    "nixpkgs-stable": {
      "locked": {
        "lastModified": 1715218190,
        "narHash": "sha256-R98WOBHkk8wIi103JUVQF3ei3oui4HvoZcz9tYOAwlk=",
        "owner": "NixOS",
        "repo": "nixpkgs",
        "rev": "9a9960b98418f8c385f52de3b09a63f9c561427a",
        "type": "github"
      },
      "original": {
        "owner": "NixOS",
        "ref": "nixos-23.11",
        "repo": "nixpkgs",
        "type": "github"
      }
    },
    "nixpkgs_2": {
      "locked": {
        "lastModified": 1715161350,
        "narHash": "sha256-5ZU8DVwHO0gjw2sKoKkToYOXMJFRBpRsa17Ebm8fgj0=",
        "owner": "nixos",
        "repo": "nixpkgs",
        "rev": "c4200cb341ee794775185ecd4105fbbfb5ca73a0",
        "type": "github"
      },
      "original": {
        "owner": "nixos",
        "ref": "nixpkgs-unstable",
        "repo": "nixpkgs",
        "type": "github"
      }
    },
    "nixpkgs_3": {
      "locked": {
        "lastModified": 1715266358,
        "narHash": "sha256-doPgfj+7FFe9rfzWo1siAV2mVCasW+Bh8I1cToAXEE4=",
        "owner": "NixOS",
        "repo": "nixpkgs",
        "rev": "f1010e0469db743d14519a1efd37e23f8513d714",
        "type": "github"
      },
      "original": {
        "owner": "NixOS",
        "ref": "nixos-unstable",
        "repo": "nixpkgs",
        "type": "github"
      }
    },
    "nui-nvim": {
      "flake": false,
      "locked": {
        "lastModified": 1714991123,
        "narHash": "sha256-W5w8mWjZhf8rhFYDJX4vPAszxKX6uLgT7+8xg3dY4Ok=",
        "owner": "MunifTanjim",
        "repo": "nui.nvim",
        "rev": "a3597dc88b53489d3fddbddbbd13787355253bb0",
        "type": "github"
      },
      "original": {
        "owner": "MunifTanjim",
        "repo": "nui.nvim",
        "type": "github"
      }
    },
    "nvim-cmp": {
      "flake": false,
      "locked": {
        "lastModified": 1715160812,
        "narHash": "sha256-/zTOFwCSBETBgkILpP8h82ZjN7LiMV0Uk5d2TEnQVU4=",
        "owner": "hrsh7th",
        "repo": "nvim-cmp",
        "rev": "cd2cf0c124d3de577fb5449746568ee8e601afc8",
        "type": "github"
      },
      "original": {
        "owner": "hrsh7th",
        "repo": "nvim-cmp",
        "type": "github"
      }
    },
    "nvim-dap": {
      "flake": false,
      "locked": {
        "lastModified": 1713432622,
        "narHash": "sha256-kEn2INrNMQSLHY3gpSVV+cTx9f1nFeUCM6by9WGn5Sg=",
        "owner": "mfussenegger",
        "repo": "nvim-dap",
        "rev": "6ae8a14828b0f3bff1721a35a1dfd604b6a933bb",
        "type": "github"
      },
      "original": {
        "owner": "mfussenegger",
        "repo": "nvim-dap",
        "type": "github"
      }
    },
    "nvim-dap-ui": {
      "flake": false,
      "locked": {
        "lastModified": 1714314733,
        "narHash": "sha256-26g4dlxzTGaR5OrXpPo4A2erM/eSkgedb0Bl2pK362M=",
        "owner": "rcarriga",
        "repo": "nvim-dap-ui",
        "rev": "5934302d63d1ede12c0b22b6f23518bb183fc972",
        "type": "github"
      },
      "original": {
        "owner": "rcarriga",
        "repo": "nvim-dap-ui",
        "type": "github"
      }
    },
    "nvim-dap-virtual-text": {
      "flake": false,
      "locked": {
        "lastModified": 1712317799,
        "narHash": "sha256-9X/GtteA0H4ouOrBomKkLvBoHwrfXoycfjiotgktS8s=",
        "owner": "theHamsta",
        "repo": "nvim-dap-virtual-text",
        "rev": "3e8e207513e6ef520894950acd76b79902714103",
        "type": "github"
      },
      "original": {
        "owner": "theHamsta",
        "repo": "nvim-dap-virtual-text",
        "type": "github"
      }
    },
    "nvim-luaref": {
      "flake": false,
      "locked": {
        "lastModified": 1645064202,
        "narHash": "sha256-nmsKg1Ah67fhGzevTFMlncwLX9gN0JkR7Woi0T5On34=",
        "owner": "milisims",
        "repo": "nvim-luaref",
        "rev": "9cd3ed50d5752ffd56d88dd9e395ddd3dc2c7127",
        "type": "github"
      },
      "original": {
        "owner": "milisims",
        "repo": "nvim-luaref",
        "type": "github"
      }
    },
    "nvim-nio": {
      "flake": false,
      "locked": {
        "lastModified": 1714664267,
        "narHash": "sha256-VfoJOXXtMhalFcnfhVzweq7TVmB8WjRP+Z5Z5Z24Pzc=",
        "owner": "nvim-neotest",
        "repo": "nvim-nio",
        "rev": "8765cbc4d0c629c8158a5341e1b4305fd93c3a90",
        "type": "github"
      },
      "original": {
        "owner": "nvim-neotest",
        "repo": "nvim-nio",
        "type": "github"
      }
    },
    "nvim-treesitter": {
      "flake": false,
      "locked": {
        "lastModified": 1715245900,
        "narHash": "sha256-ZEhs07u5a1Zq8KHYVsK3YuY2g1I1fpJeDNC7ie5zUn4=",
        "owner": "nvim-treesitter",
        "repo": "nvim-treesitter",
        "rev": "707b0dcf7641fa3a2aaad5053b215503f54f89aa",
        "type": "github"
      },
      "original": {
        "owner": "nvim-treesitter",
        "repo": "nvim-treesitter",
        "type": "github"
      }
    },
    "nvim-treesitter-context": {
      "flake": false,
      "locked": {
        "lastModified": 1714689136,
        "narHash": "sha256-gHbLt0ApyPPQU8Q+lde0Zv8XBR6pESKzvIzIXHkd5eI=",
        "owner": "nvim-treesitter",
        "repo": "nvim-treesitter-context",
        "rev": "2650e6431f7daba5d9c2c64134fa5eb2312eb3d7",
        "type": "github"
      },
      "original": {
        "owner": "nvim-treesitter",
        "repo": "nvim-treesitter-context",
        "type": "github"
      }
    },
    "nvim-treesitter-textobjects": {
      "flake": false,
      "locked": {
        "lastModified": 1715276909,
        "narHash": "sha256-AlcrrPseXJVAH7G2jSpIVcS39s78bl9h7BA+CJvZGng=",
        "owner": "nvim-treesitter",
        "repo": "nvim-treesitter-textobjects",
        "rev": "dfa4178c0cadb44f687603d72ad0908474c28dd9",
        "type": "github"
      },
      "original": {
        "owner": "nvim-treesitter",
        "repo": "nvim-treesitter-textobjects",
        "type": "github"
      }
    },
    "nvim-web-devicons": {
      "flake": false,
      "locked": {
        "lastModified": 1715028064,
        "narHash": "sha256-DSUTxUFCesXuaJjrDNvurILUt1IrO5MI5ukbZ8D87zQ=",
        "owner": "kyazdani42",
        "repo": "nvim-web-devicons",
        "rev": "5b9067899ee6a2538891573500e8fd6ff008440f",
        "type": "github"
      },
      "original": {
        "owner": "kyazdani42",
        "repo": "nvim-web-devicons",
        "type": "github"
      }
    },
    "plenary-nvim": {
      "flake": false,
      "locked": {
        "lastModified": 1714083960,
        "narHash": "sha256-vy0MXEoSM4rvYpfwbc2PnilvMOA30Urv0FAxjXuvqQ8=",
        "owner": "nvim-lua",
        "repo": "plenary.nvim",
        "rev": "08e301982b9a057110ede7a735dd1b5285eb341f",
        "type": "github"
      },
      "original": {
        "owner": "nvim-lua",
        "repo": "plenary.nvim",
        "type": "github"
      }
    },
    "root": {
      "inputs": {
        "baywatch": "baywatch",
        "darwin": "darwin",
        "darwin-docker": "darwin-docker",
        "disko": "disko",
        "flake-compat": "flake-compat",
        "home-manager": "home-manager",
        "neovim": "neovim",
        "nix-colors": "nix-colors",
        "nix-index-database": "nix-index-database",
        "nixos-hardware": "nixos-hardware",
        "nixpkgs": "nixpkgs_3",
        "nixpkgs-stable": "nixpkgs-stable",
        "sops-nix": "sops-nix"
      }
    },
    "sops-nix": {
      "inputs": {
        "nixpkgs": [
          "nixpkgs"
        ],
        "nixpkgs-stable": [
          "nixpkgs-stable"
        ]
      },
      "locked": {
        "lastModified": 1715244550,
        "narHash": "sha256-ffOZL3eaZz5Y1nQ9muC36wBCWwS1hSRLhUzlA9hV2oI=",
        "owner": "Mic92",
        "repo": "sops-nix",
        "rev": "0dc50257c00ee3c65fef3a255f6564cfbfe6eb7f",
        "type": "github"
      },
      "original": {
        "owner": "Mic92",
        "repo": "sops-nix",
        "type": "github"
      }
    },
    "systems": {
      "locked": {
        "lastModified": 1681028828,
        "narHash": "sha256-Vy1rq5AaRuLzOxct8nz4T6wlgyUR7zLU309k9mBC768=",
        "owner": "nix-systems",
        "repo": "default",
        "rev": "da67096a3b9bf56a91d16901293e51ba5b49a27e",
        "type": "github"
      },
      "original": {
        "owner": "nix-systems",
        "repo": "default",
        "type": "github"
      }
    },
    "telescope-fzf-native-nvim": {
      "flake": false,
      "locked": {
        "lastModified": 1709647247,
        "narHash": "sha256-rycebls3g0JCHM2+aG7xlJnX7ZPowqviaLbQrFSdflM=",
        "owner": "nvim-telescope",
        "repo": "telescope-fzf-native.nvim",
        "rev": "9ef21b2e6bb6ebeaf349a0781745549bbb870d27",
        "type": "github"
      },
      "original": {
        "owner": "nvim-telescope",
        "repo": "telescope-fzf-native.nvim",
        "type": "github"
      }
    },
    "telescope-nvim": {
      "flake": false,
      "locked": {
        "lastModified": 1714700089,
        "narHash": "sha256-SoEetPE7f7Y0kUa4+7dH+EOs/0WBsMDxeOkbVNuoSjE=",
        "owner": "nvim-telescope",
        "repo": "telescope.nvim",
        "rev": "fac83a556e7b710dc31433dec727361ca062dbe9",
        "type": "github"
      },
      "original": {
        "owner": "nvim-telescope",
        "repo": "telescope.nvim",
        "type": "github"
      }
    },
    "todo-comments-nvim": {
      "flake": false,
      "locked": {
        "lastModified": 1711553769,
        "narHash": "sha256-BJNU01iTRDNrPv48fgiJRS+ouaHkoqw2AYXKDRgDzfw=",
        "owner": "folke",
        "repo": "todo-comments.nvim",
        "rev": "a7e39ae9e74f2c8c6dc4eea6d40c3971ae84752d",
        "type": "github"
      },
      "original": {
        "owner": "folke",
        "repo": "todo-comments.nvim",
        "type": "github"
      }
    },
    "undotree": {
      "flake": false,
      "locked": {
        "lastModified": 1713305700,
        "narHash": "sha256-UIroW89ALMRdxSkNGU2VPeuXJxR+25wJ+AakRcjwx/s=",
        "owner": "mbbill",
        "repo": "undotree",
        "rev": "56c684a805fe948936cda0d1b19505b84ad7e065",
        "type": "github"
      },
      "original": {
        "owner": "mbbill",
        "repo": "undotree",
        "type": "github"
      }
    },
    "vim-fugitive": {
      "flake": false,
      "locked": {
        "lastModified": 1714601825,
        "narHash": "sha256-0ujueJ226zEmjkFwodSukO1Zu5gMvTmx/dCtT5VBhek=",
        "owner": "tpope",
        "repo": "vim-fugitive",
        "rev": "ce882460cf3db12e99f8bf579cbf99e331f6dd4f",
        "type": "github"
      },
      "original": {
        "owner": "tpope",
        "repo": "vim-fugitive",
        "type": "github"
      }
    },
    "which-key-nvim": {
      "flake": false,
      "locked": {
        "lastModified": 1697801635,
        "narHash": "sha256-uvghPj/teWrRMm09Gh8iQ/LV2nYJw0lmoiZK6L4+1cY=",
        "owner": "folke",
        "repo": "which-key.nvim",
        "rev": "4433e5ec9a507e5097571ed55c02ea9658fb268a",
        "type": "github"
      },
      "original": {
        "owner": "folke",
        "repo": "which-key.nvim",
        "type": "github"
      }
    }
  },
  "root": "root",
  "version": 7
}
